
Microsoft Visual Studio Solution File, Format Version 12.00
# Visual Studio 2013
VisualStudioVersion = 12.0.30723.0
MinimumVisualStudioVersion = 10.0.40219.1
Project("{FAE04EC0-301F-11D3-BF4B-00C04F79EFBC}") = "Deneme", "Deneme\Deneme.csproj", "{D8F79BDC-71EE-44F9-B85F-975B5688A32D}"
EndProject
Global
	GlobalSection(SolutionConfigurationPlatforms) = preSolution
		Debug|Any CPU = Debug|Any CPU
		Release|Any CPU = Release|Any CPU
	EndGlobalSection
	GlobalSection(ProjectConfigurationPlatforms) = postSolution
		{D8F79BDC-71EE-44F9-B85F-975B5688A32D}.Debug|Any CPU.ActiveCfg = Debug|Any CPU
		{D8F79BDC-71EE-44F9-B85F-975B5688A32D}.Debug|Any CPU.Build.0 = Debug|Any CPU
		{D8F79BDC-71EE-44F9-B85F-975B5688A32D}.Release|Any CPU.ActiveCfg = Release|Any CPU
		{D8F79BDC-71EE-44F9-B85F-975B5688A32D}.Release|Any CPU.Build.0 = Release|Any CPU
		{D8F79BDC-71EE-44F9-B85F-975B5688A32D}.Release|Any CPU.Deploy.0 = Release|Any CPU
	EndGlobalSection
	GlobalSection(SolutionProperties) = preSolution
		HideSolutionNode = FALSE
	EndGlobalSection
EndGlobal
