
Microsoft Visual Studio Solution File, Format Version 12.00
# Visual Studio 2013
VisualStudioVersion = 12.0.30723.0
MinimumVisualStudioVersion = 10.0.40219.1
Project("{8BC9CEB8-8B4A-11D0-8D11-00A0C91BC942}") = "sphere", "sphere\sphere.vcxproj", "{F4DB3808-B369-4723-B6D2-E0680E461041}"
EndProject
Global
	GlobalSection(SolutionConfigurationPlatforms) = preSolution
		Debug|Win32 = Debug|Win32
		Release|Win32 = Release|Win32
	EndGlobalSection
	GlobalSection(ProjectConfigurationPlatforms) = postSolution
		{F4DB3808-B369-4723-B6D2-E0680E461041}.Debug|Win32.ActiveCfg = Debug|Win32
		{F4DB3808-B369-4723-B6D2-E0680E461041}.Debug|Win32.Build.0 = Debug|Win32
		{F4DB3808-B369-4723-B6D2-E0680E461041}.Release|Win32.ActiveCfg = Release|Win32
		{F4DB3808-B369-4723-B6D2-E0680E461041}.Release|Win32.Build.0 = Release|Win32
	EndGlobalSection
	GlobalSection(SolutionProperties) = preSolution
		HideSolutionNode = FALSE
	EndGlobalSection
EndGlobal
